
Microsoft Visual Studio Solution File, Format Version 12.00
# Visual Studio Version 16
VisualStudioVersion = 16.0.31729.503
MinimumVisualStudioVersion = 10.0.40219.1
Project("{2150E333-8FDC-42A3-9474-1A3956D46DE8}") = "src", "src", "{22093F43-0298-4448-957E-250786FCE543}"
EndProject
Project("{2150E333-8FDC-42A3-9474-1A3956D46DE8}") = "test", "test", "{EB29A961-D4B7-4554-80A2-B90558B1217D}"
EndProject
Project("{FAE04EC0-301F-11D3-BF4B-00C04F79EFBC}") = "Mc2.CrudTest.Api", "src\Mc2.CrudTest.Api\Mc2.CrudTest.Api.csproj", "{2C0EC169-674C-463C-9D7C-CA7E11A8BEC2}"
EndProject
Project("{FAE04EC0-301F-11D3-BF4B-00C04F79EFBC}") = "Mc2.CrudTest.Application", "src\Mc2.CrudTest.Application\Mc2.CrudTest.Application.csproj", "{D843A800-97EB-47B2-BF94-D6EE66B0FB74}"
EndProject
Project("{FAE04EC0-301F-11D3-BF4B-00C04F79EFBC}") = "Mc2.CrudTest.Domain", "src\Mc2.CrudTest.Domain\Mc2.CrudTest.Domain.csproj", "{627BACB7-22B3-4BBE-BFD9-3FA0E448ACB2}"
EndProject
Project("{FAE04EC0-301F-11D3-BF4B-00C04F79EFBC}") = "Mc2.CrudTest.Persistence", "src\Mc2.CrudTest.Persistence\Mc2.CrudTest.Persistence.csproj", "{5798F997-5B2C-4CFD-9DD6-986DD7F3D5E6}"
EndProject
Project("{FAE04EC0-301F-11D3-BF4B-00C04F79EFBC}") = "Mc2.CrudTest.UnitTest", "test\Mc2.CrudTest.UnitTest\Mc2.CrudTest.UnitTest.csproj", "{376698EF-ED11-407D-BFF3-8E0A755EE8E7}"
EndProject
Project("{FAE04EC0-301F-11D3-BF4B-00C04F79EFBC}") = "Mc2.CrudTest.IntegrationTest", "test\Mc2.CrudTest.IntegrationTest\Mc2.CrudTest.IntegrationTest.csproj", "{13D7795A-0505-48B5-AA3D-A3BEB98179B3}"
EndProject
Project("{FAE04EC0-301F-11D3-BF4B-00C04F79EFBC}") = "Mc2.CrudTest.Behavior", "test\Mc2.CrudTest.Behavior\Mc2.CrudTest.Behavior.csproj", "{939E2A1D-EB66-4049-9978-CC71C7451754}"
EndProject
Project("{FAE04EC0-301F-11D3-BF4B-00C04F79EFBC}") = "Mc2.CrudTest.Web", "src\Mc2.CrudTest.Web\Mc2.CrudTest.Web.csproj", "{8D0912D0-01A1-40BC-8343-4AC3A051EB51}"
EndProject
Global
	GlobalSection(SolutionConfigurationPlatforms) = preSolution
		Debug|Any CPU = Debug|Any CPU
		Release|Any CPU = Release|Any CPU
	EndGlobalSection
	GlobalSection(ProjectConfigurationPlatforms) = postSolution
		{2C0EC169-674C-463C-9D7C-CA7E11A8BEC2}.Debug|Any CPU.ActiveCfg = Debug|Any CPU
		{2C0EC169-674C-463C-9D7C-CA7E11A8BEC2}.Debug|Any CPU.Build.0 = Debug|Any CPU
		{2C0EC169-674C-463C-9D7C-CA7E11A8BEC2}.Release|Any CPU.ActiveCfg = Release|Any CPU
		{2C0EC169-674C-463C-9D7C-CA7E11A8BEC2}.Release|Any CPU.Build.0 = Release|Any CPU
		{D843A800-97EB-47B2-BF94-D6EE66B0FB74}.Debug|Any CPU.ActiveCfg = Debug|Any CPU
		{D843A800-97EB-47B2-BF94-D6EE66B0FB74}.Debug|Any CPU.Build.0 = Debug|Any CPU
		{D843A800-97EB-47B2-BF94-D6EE66B0FB74}.Release|Any CPU.ActiveCfg = Release|Any CPU
		{D843A800-97EB-47B2-BF94-D6EE66B0FB74}.Release|Any CPU.Build.0 = Release|Any CPU
		{627BACB7-22B3-4BBE-BFD9-3FA0E448ACB2}.Debug|Any CPU.ActiveCfg = Debug|Any CPU
		{627BACB7-22B3-4BBE-BFD9-3FA0E448ACB2}.Debug|Any CPU.Build.0 = Debug|Any CPU
		{627BACB7-22B3-4BBE-BFD9-3FA0E448ACB2}.Release|Any CPU.ActiveCfg = Release|Any CPU
		{627BACB7-22B3-4BBE-BFD9-3FA0E448ACB2}.Release|Any CPU.Build.0 = Release|Any CPU
		{5798F997-5B2C-4CFD-9DD6-986DD7F3D5E6}.Debug|Any CPU.ActiveCfg = Debug|Any CPU
		{5798F997-5B2C-4CFD-9DD6-986DD7F3D5E6}.Debug|Any CPU.Build.0 = Debug|Any CPU
		{5798F997-5B2C-4CFD-9DD6-986DD7F3D5E6}.Release|Any CPU.ActiveCfg = Release|Any CPU
		{5798F997-5B2C-4CFD-9DD6-986DD7F3D5E6}.Release|Any CPU.Build.0 = Release|Any CPU
		{376698EF-ED11-407D-BFF3-8E0A755EE8E7}.Debug|Any CPU.ActiveCfg = Debug|Any CPU
		{376698EF-ED11-407D-BFF3-8E0A755EE8E7}.Debug|Any CPU.Build.0 = Debug|Any CPU
		{376698EF-ED11-407D-BFF3-8E0A755EE8E7}.Release|Any CPU.ActiveCfg = Release|Any CPU
		{376698EF-ED11-407D-BFF3-8E0A755EE8E7}.Release|Any CPU.Build.0 = Release|Any CPU
		{13D7795A-0505-48B5-AA3D-A3BEB98179B3}.Debug|Any CPU.ActiveCfg = Debug|Any CPU
		{13D7795A-0505-48B5-AA3D-A3BEB98179B3}.Debug|Any CPU.Build.0 = Debug|Any CPU
		{13D7795A-0505-48B5-AA3D-A3BEB98179B3}.Release|Any CPU.ActiveCfg = Release|Any CPU
		{13D7795A-0505-48B5-AA3D-A3BEB98179B3}.Release|Any CPU.Build.0 = Release|Any CPU
		{939E2A1D-EB66-4049-9978-CC71C7451754}.Debug|Any CPU.ActiveCfg = Debug|Any CPU
		{939E2A1D-EB66-4049-9978-CC71C7451754}.Debug|Any CPU.Build.0 = Debug|Any CPU
		{939E2A1D-EB66-4049-9978-CC71C7451754}.Release|Any CPU.ActiveCfg = Release|Any CPU
		{939E2A1D-EB66-4049-9978-CC71C7451754}.Release|Any CPU.Build.0 = Release|Any CPU
		{8D0912D0-01A1-40BC-8343-4AC3A051EB51}.Debug|Any CPU.ActiveCfg = Debug|Any CPU
		{8D0912D0-01A1-40BC-8343-4AC3A051EB51}.Debug|Any CPU.Build.0 = Debug|Any CPU
		{8D0912D0-01A1-40BC-8343-4AC3A051EB51}.Release|Any CPU.ActiveCfg = Release|Any CPU
		{8D0912D0-01A1-40BC-8343-4AC3A051EB51}.Release|Any CPU.Build.0 = Release|Any CPU
	EndGlobalSection
	GlobalSection(SolutionProperties) = preSolution
		HideSolutionNode = FALSE
	EndGlobalSection
	GlobalSection(ExtensibilityGlobals) = postSolution
		SolutionGuid = {4B5A26C9-68C1-49D9-9F32-AF907A1730C2}
	EndGlobalSection
	GlobalSection(NestedProjects) = preSolution
		{2C0EC169-674C-463C-9D7C-CA7E11A8BEC2} = {22093F43-0298-4448-957E-250786FCE543}
		{D843A800-97EB-47B2-BF94-D6EE66B0FB74} = {22093F43-0298-4448-957E-250786FCE543}
		{627BACB7-22B3-4BBE-BFD9-3FA0E448ACB2} = {22093F43-0298-4448-957E-250786FCE543}
		{5798F997-5B2C-4CFD-9DD6-986DD7F3D5E6} = {22093F43-0298-4448-957E-250786FCE543}
		{376698EF-ED11-407D-BFF3-8E0A755EE8E7} = {EB29A961-D4B7-4554-80A2-B90558B1217D}
		{13D7795A-0505-48B5-AA3D-A3BEB98179B3} = {EB29A961-D4B7-4554-80A2-B90558B1217D}
		{939E2A1D-EB66-4049-9978-CC71C7451754} = {EB29A961-D4B7-4554-80A2-B90558B1217D}
		{8D0912D0-01A1-40BC-8343-4AC3A051EB51} = {22093F43-0298-4448-957E-250786FCE543}
	EndGlobalSection
EndGlobal
